
Microsoft Visual Studio Solution File, Format Version 11.00
# Visual Studio 2010
Project("{FAE04EC0-301F-11D3-BF4B-00C04F79EFBC}") = "SudokuWinphone", "SodukuWinphone\SodukuWinphone\SudokuWinphone.csproj", "{810F4C40-7537-4690-B7A4-8B45B656ED62}"
EndProject
Project("{96E2B04D-8817-42C6-938A-82C39BA4D311}") = "SudokuWinphoneContent", "SodukuWinphone\SodukuWinphoneContent\SudokuWinphoneContent.contentproj", "{217C6076-FC62-48A5-9279-CAA6DDE6B12C}"
EndProject
Global
	GlobalSection(SubversionScc) = preSolution
		Svn-Managed = True
		Manager = AnkhSVN - Subversion Support for Visual Studio
	EndGlobalSection
	GlobalSection(SolutionConfigurationPlatforms) = preSolution
		Debug|Windows Phone = Debug|Windows Phone
		Release|Windows Phone = Release|Windows Phone
	EndGlobalSection
	GlobalSection(ProjectConfigurationPlatforms) = postSolution
		{810F4C40-7537-4690-B7A4-8B45B656ED62}.Debug|Windows Phone.ActiveCfg = Debug|Windows Phone
		{810F4C40-7537-4690-B7A4-8B45B656ED62}.Debug|Windows Phone.Build.0 = Debug|Windows Phone
		{810F4C40-7537-4690-B7A4-8B45B656ED62}.Debug|Windows Phone.Deploy.0 = Debug|Windows Phone
		{810F4C40-7537-4690-B7A4-8B45B656ED62}.Release|Windows Phone.ActiveCfg = Release|Windows Phone
		{810F4C40-7537-4690-B7A4-8B45B656ED62}.Release|Windows Phone.Build.0 = Release|Windows Phone
		{810F4C40-7537-4690-B7A4-8B45B656ED62}.Release|Windows Phone.Deploy.0 = Release|Windows Phone
		{217C6076-FC62-48A5-9279-CAA6DDE6B12C}.Debug|Windows Phone.ActiveCfg = Debug|Windows Phone
		{217C6076-FC62-48A5-9279-CAA6DDE6B12C}.Release|Windows Phone.ActiveCfg = Release|Windows Phone
	EndGlobalSection
	GlobalSection(SolutionProperties) = preSolution
		HideSolutionNode = FALSE
	EndGlobalSection
EndGlobal
